
Microsoft Visual Studio Solution File, Format Version 12.00
# Visual Studio 15
VisualStudioVersion = 15.0.28307.136
MinimumVisualStudioVersion = 10.0.40219.1
Project("{FAE04EC0-301F-11D3-BF4B-00C04F79EFBC}") = "Memberships", "Memberships\Memberships.csproj", "{4629937A-7643-4360-98B4-BDD98BD9C85E}"
EndProject
Global
	GlobalSection(SolutionConfigurationPlatforms) = preSolution
		Debug|Any CPU = Debug|Any CPU
		Release|Any CPU = Release|Any CPU
	EndGlobalSection
	GlobalSection(ProjectConfigurationPlatforms) = postSolution
		{4629937A-7643-4360-98B4-BDD98BD9C85E}.Debug|Any CPU.ActiveCfg = Debug|Any CPU
		{4629937A-7643-4360-98B4-BDD98BD9C85E}.Debug|Any CPU.Build.0 = Debug|Any CPU
		{4629937A-7643-4360-98B4-BDD98BD9C85E}.Release|Any CPU.ActiveCfg = Release|Any CPU
		{4629937A-7643-4360-98B4-BDD98BD9C85E}.Release|Any CPU.Build.0 = Release|Any CPU
	EndGlobalSection
	GlobalSection(SolutionProperties) = preSolution
		HideSolutionNode = FALSE
	EndGlobalSection
	GlobalSection(ExtensibilityGlobals) = postSolution
		SolutionGuid = {995DFE1B-276A-41B9-9F7C-BE1891BE615C}
	EndGlobalSection
EndGlobal
